
Microsoft Visual Studio Solution File, Format Version 12.00
# Visual Studio 15
VisualStudioVersion = 15.0.27130.2036
MinimumVisualStudioVersion = 10.0.40219.1
Project("{FAE04EC0-301F-11D3-BF4B-00C04F79EFBC}") = "TheShoppingList", "TheShoppingList\TheShoppingList.csproj", "{D26CDD11-EFE7-4604-8D5D-FD277F0D7B35}"
EndProject
Global
	GlobalSection(SolutionConfigurationPlatforms) = preSolution
		Debug|Any CPU = Debug|Any CPU
		Release|Any CPU = Release|Any CPU
	EndGlobalSection
	GlobalSection(ProjectConfigurationPlatforms) = postSolution
		{D26CDD11-EFE7-4604-8D5D-FD277F0D7B35}.Debug|Any CPU.ActiveCfg = Debug|Any CPU
		{D26CDD11-EFE7-4604-8D5D-FD277F0D7B35}.Debug|Any CPU.Build.0 = Debug|Any CPU
		{D26CDD11-EFE7-4604-8D5D-FD277F0D7B35}.Release|Any CPU.ActiveCfg = Release|Any CPU
		{D26CDD11-EFE7-4604-8D5D-FD277F0D7B35}.Release|Any CPU.Build.0 = Release|Any CPU
	EndGlobalSection
	GlobalSection(SolutionProperties) = preSolution
		HideSolutionNode = FALSE
	EndGlobalSection
	GlobalSection(ExtensibilityGlobals) = postSolution
		SolutionGuid = {4ECC113B-C62F-40DD-BA2C-5EA74601D59A}
	EndGlobalSection
EndGlobal
